// !$*UTF8*$!
{
	archiveVersion = 1;
	classes = {
	};
	objectVersion = 46;
	objects = {

/* Begin PBXBuildFile section */
		1784F4FC1BDE2F980038FEFE /* AppDelegate.swift in Sources */ = {isa = PBXBuildFile; fileRef = 1784F4FB1BDE2F980038FEFE /* AppDelegate.swift */; };
		1784F4FE1BDE2F980038FEFE /* ViewController.swift in Sources */ = {isa = PBXBuildFile; fileRef = 1784F4FD1BDE2F980038FEFE /* ViewController.swift */; };
		1784F5011BDE2F980038FEFE /* Main.storyboard in Resources */ = {isa = PBXBuildFile; fileRef = 1784F4FF1BDE2F980038FEFE /* Main.storyboard */; };
		1784F5031BDE2F980038FEFE /* Assets.xcassets in Resources */ = {isa = PBXBuildFile; fileRef = 1784F5021BDE2F980038FEFE /* Assets.xcassets */; };
		1784F5061BDE2F980038FEFE /* LaunchScreen.storyboard in Resources */ = {isa = PBXBuildFile; fileRef = 1784F5041BDE2F980038FEFE /* LaunchScreen.storyboard */; };
		1784F5111BDE2F980038FEFE /* FirstApplicationTests.swift in Sources */ = {isa = PBXBuildFile; fileRef = 1784F5101BDE2F980038FEFE /* FirstApplicationTests.swift */; };
		1784F51C1BDE2F980038FEFE /* FirstApplicationUITests.swift in Sources */ = {isa = PBXBuildFile; fileRef = 1784F51B1BDE2F980038FEFE /* FirstApplicationUITests.swift */; };
/* End PBXBuildFile section */

/* Begin PBXContainerItemProxy section */
		1784F50D1BDE2F980038FEFE /* PBXContainerItemProxy */ = {
			isa = PBXContainerItemProxy;
			containerPortal = 1784F4F01BDE2F970038FEFE /* Project object */;
			proxyType = 1;
			remoteGlobalIDString = 1784F4F71BDE2F970038FEFE;
			remoteInfo = FirstApplication;
		};
		1784F5181BDE2F980038FEFE /* PBXContainerItemProxy */ = {
			isa = PBXContainerItemProxy;
			containerPortal = 1784F4F01BDE2F970038FEFE /* Project object */;
			proxyType = 1;
			remoteGlobalIDString = 1784F4F71BDE2F970038FEFE;
			remoteInfo = FirstApplication;
		};
/* End PBXContainerItemProxy section */

/* Begin PBXFileReference section */
		1784F4F81BDE2F970038FEFE /* FirstApplication.app */ = {isa = PBXFileReference; explicitFileType = wrapper.application; includeInIndex = 0; path = FirstApplication.app; sourceTree = BUILT_PRODUCTS_DIR; };
		1784F4FB1BDE2F980038FEFE /* AppDelegate.swift */ = {isa = PBXFileReference; lastKnownFileType = sourcecode.swift; path = AppDelegate.swift; sourceTree = "<group>"; };
		1784F4FD1BDE2F980038FEFE /* ViewController.swift */ = {isa = PBXFileReference; lastKnownFileType = sourcecode.swift; path = ViewController.swift; sourceTree = "<group>"; };
		1784F5001BDE2F980038FEFE /* Base */ = {isa = PBXFileReference; lastKnownFileType = file.storyboard; name = Base; path = Base.lproj/Main.storyboard; sourceTree = "<group>"; };
		1784F5021BDE2F980038FEFE /* Assets.xcassets */ = {isa = PBXFileReference; lastKnownFileType = folder.assetcatalog; path = Assets.xcassets; sourceTree = "<group>"; };
		1784F5051BDE2F980038FEFE /* Base */ = {isa = PBXFileReference; lastKnownFileType = file.storyboard; name = Base; path = Base.lproj/LaunchScreen.storyboard; sourceTree = "<group>"; };
		1784F5071BDE2F980038FEFE /* Info.plist */ = {isa = PBXFileReference; lastKnownFileType = text.plist.xml; path = Info.plist; sourceTree = "<group>"; };
		1784F50C1BDE2F980038FEFE /* FirstApplicationTests.xctest */ = {isa = PBXFileReference; explicitFileType = wrapper.cfbundle; includeInIndex = 0; path = FirstApplicationTests.xctest; sourceTree = BUILT_PRODUCTS_DIR; };
		1784F5101BDE2F980038FEFE /* FirstApplicationTests.swift */ = {isa = PBXFileReference; lastKnownFileType = sourcecode.swift; path = FirstApplicationTests.swift; sourceTree = "<group>"; };
		1784F5121BDE2F980038FEFE /* Info.plist */ = {isa = PBXFileReference; lastKnownFileType = text.plist.xml; path = Info.plist; sourceTree = "<group>"; };
		1784F5171BDE2F980038FEFE /* FirstApplicationUITests.xctest */ = {isa = PBXFileReference; explicitFileType = wrapper.cfbundle; includeInIndex = 0; path = FirstApplicationUITests.xctest; sourceTree = BUILT_PRODUCTS_DIR; };
		1784F51B1BDE2F980038FEFE /* FirstApplicationUITests.swift */ = {isa = PBXFileReference; lastKnownFileType = sourcecode.swift; path = FirstApplicationUITests.swift; sourceTree = "<group>"; };
		1784F51D1BDE2F980038FEFE /* Info.plist */ = {isa = PBXFileReference; lastKnownFileType = text.plist.xml; path = Info.plist; sourceTree = "<group>"; };
/* End PBXFileReference section */

/* Begin PBXFrameworksBuildPhase section */
		1784F4F51BDE2F970038FEFE /* Frameworks */ = {
			isa = PBXFrameworksBuildPhase;
			buildActionMask = 2147483647;
			files = (
			);
			runOnlyForDeploymentPostprocessing = 0;
		};
		1784F5091BDE2F980038FEFE /* Frameworks */ = {
			isa = PBXFrameworksBuildPhase;
			buildActionMask = 2147483647;
			files = (
			);
			runOnlyForDeploymentPostprocessing = 0;
		};
		1784F5141BDE2F980038FEFE /* Frameworks */ = {
			isa = PBXFrameworksBuildPhase;
			buildActionMask = 2147483647;
			files = (
			);
			runOnlyForDeploymentPostprocessing = 0;
		};
/* End PBXFrameworksBuildPhase section */

/* Begin PBXGroup section */
		1784F4EF1BDE2F970038FEFE = {
			isa = PBXGroup;
			children = (
				1784F4FA1BDE2F970038FEFE /* FirstApplication */,
				1784F50F1BDE2F980038FEFE /* FirstApplicationTests */,
				1784F51A1BDE2F980038FEFE /* FirstApplicationUITests */,
				1784F4F91BDE2F970038FEFE /* Products */,
			);
			sourceTree = "<group>";
		};
		1784F4F91BDE2F970038FEFE /* Products */ = {
			isa = PBXGroup;
			children = (
				1784F4F81BDE2F970038FEFE /* FirstApplication.app */,
				1784F50C1BDE2F980038FEFE /* FirstApplicationTests.xctest */,
				1784F5171BDE2F980038FEFE /* FirstApplicationUITests.xctest */,
			);
			name = Products;
			sourceTree = "<group>";
		};
		1784F4FA1BDE2F970038FEFE /* FirstApplication */ = {
			isa = PBXGroup;
			children = (
				1784F4FB1BDE2F980038FEFE /* AppDelegate.swift */,
				1784F4FD1BDE2F980038FEFE /* ViewController.swift */,
				1784F4FF1BDE2F980038FEFE /* Main.storyboard */,
				1784F5021BDE2F980038FEFE /* Assets.xcassets */,
				1784F5041BDE2F980038FEFE /* LaunchScreen.storyboard */,
				1784F5071BDE2F980038FEFE /* Info.plist */,
			);
			path = FirstApplication;
			sourceTree = "<group>";
		};
		1784F50F1BDE2F980038FEFE /* FirstApplicationTests */ = {
			isa = PBXGroup;
			children = (
				1784F5101BDE2F980038FEFE /* FirstApplicationTests.swift */,
				1784F5121BDE2F980038FEFE /* Info.plist */,
			);
			path = FirstApplicationTests;
			sourceTree = "<group>";
		};
		1784F51A1BDE2F980038FEFE /* FirstApplicationUITests */ = {
			isa = PBXGroup;
			children = (
				1784F51B1BDE2F980038FEFE /* FirstApplicationUITests.swift */,
				1784F51D1BDE2F980038FEFE /* Info.plist */,
			);
			path = FirstApplicationUITests;
			sourceTree = "<group>";
		};
/* End PBXGroup section */

/* Begin PBXNativeTarget section */
		1784F4F71BDE2F970038FEFE /* FirstApplication */ = {
			isa = PBXNativeTarget;
			buildConfigurationList = 1784F5201BDE2F980038FEFE /* Build configuration list for PBXNativeTarget "FirstApplication" */;
			buildPhases = (
				1784F4F41BDE2F970038FEFE /* Sources */,
				1784F4F51BDE2F970038FEFE /* Frameworks */,
				1784F4F61BDE2F970038FEFE /* Resources */,
			);
			buildRules = (
			);
			dependencies = (
			);
			name = FirstApplication;
			productName = FirstApplication;
			productReference = 1784F4F81BDE2F970038FEFE /* FirstApplication.app */;
			productType = "com.apple.product-type.application";
		};
		1784F50B1BDE2F980038FEFE /* FirstApplicationTests */ = {
			isa = PBXNativeTarget;
			buildConfigurationList = 1784F5231BDE2F980038FEFE /* Build configuration list for PBXNativeTarget "FirstApplicationTests" */;
			buildPhases = (
				1784F5081BDE2F980038FEFE /* Sources */,
				1784F5091BDE2F980038FEFE /* Frameworks */,
				1784F50A1BDE2F980038FEFE /* Resources */,
			);
			buildRules = (
			);
			dependencies = (
				1784F50E1BDE2F980038FEFE /* PBXTargetDependency */,
			);
			name = FirstApplicationTests;
			productName = FirstApplicationTests;
			productReference = 1784F50C1BDE2F980038FEFE /* FirstApplicationTests.xctest */;
			productType = "com.apple.product-type.bundle.unit-test";
		};
		1784F5161BDE2F980038FEFE /* FirstApplicationUITests */ = {
			isa = PBXNativeTarget;
			buildConfigurationList = 1784F5261BDE2F980038FEFE /* Build configuration list for PBXNativeTarget "FirstApplicationUITests" */;
			buildPhases = (
				1784F5131BDE2F980038FEFE /* Sources */,
				1784F5141BDE2F980038FEFE /* Frameworks */,
				1784F5151BDE2F980038FEFE /* Resources */,
			);
			buildRules = (
			);
			dependencies = (
				1784F5191BDE2F980038FEFE /* PBXTargetDependency */,
			);
			name = FirstApplicationUITests;
			productName = FirstApplicationUITests;
			productReference = 1784F5171BDE2F980038FEFE /* FirstApplicationUITests.xctest */;
			productType = "com.apple.product-type.bundle.ui-testing";
		};
/* End PBXNativeTarget section */

/* Begin PBXProject section */
		1784F4F01BDE2F970038FEFE /* Project object */ = {
			isa = PBXProject;
			attributes = {
				LastSwiftUpdateCheck = 0710;
				LastUpgradeCheck = 0710;
				ORGANIZATIONNAME = "Tran Vinh Quang";
				TargetAttributes = {
					1784F4F71BDE2F970038FEFE = {
						CreatedOnToolsVersion = 7.1;
					};
					1784F50B1BDE2F980038FEFE = {
						CreatedOnToolsVersion = 7.1;
						TestTargetID = 1784F4F71BDE2F970038FEFE;
					};
					1784F5161BDE2F980038FEFE = {
						CreatedOnToolsVersion = 7.1;
						TestTargetID = 1784F4F71BDE2F970038FEFE;
					};
				};
			};
			buildConfigurationList = 1784F4F31BDE2F970038FEFE /* Build configuration list for PBXProject "FirstApplication" */;
			compatibilityVersion = "Xcode 3.2";
			developmentRegion = English;
			hasScannedForEncodings = 0;
			knownRegions = (
				en,
				Base,
			);
			mainGroup = 1784F4EF1BDE2F970038FEFE;
			productRefGroup = 1784F4F91BDE2F970038FEFE /* Products */;
			projectDirPath = "";
			projectRoot = "";
			targets = (
				1784F4F71BDE2F970038FEFE /* FirstApplication */,
				1784F50B1BDE2F980038FEFE /* FirstApplicationTests */,
				1784F5161BDE2F980038FEFE /* FirstApplicationUITests */,
			);
		};
/* End PBXProject section */

/* Begin PBXResourcesBuildPhase section */
		1784F4F61BDE2F970038FEFE /* Resources */ = {
			isa = PBXResourcesBuildPhase;
			buildActionMask = 2147483647;
			files = (
				1784F5061BDE2F980038FEFE /* LaunchScreen.storyboard in Resources */,
				1784F5031BDE2F980038FEFE /* Assets.xcassets in Resources */,
				1784F5011BDE2F980038FEFE /* Main.storyboard in Resources */,
			);
			runOnlyForDeploymentPostprocessing = 0;
		};
		1784F50A1BDE2F980038FEFE /* Resources */ = {
			isa = PBXResourcesBuildPhase;
			buildActionMask = 2147483647;
			files = (
			);
			runOnlyForDeploymentPostprocessing = 0;
		};
		1784F5151BDE2F980038FEFE /* Resources */ = {
			isa = PBXResourcesBuildPhase;
			buildActionMask = 2147483647;
			files = (
			);
			runOnlyForDeploymentPostprocessing = 0;
		};
/* End PBXResourcesBuildPhase section */

/* Begin PBXSourcesBuildPhase section */
		1784F4F41BDE2F970038FEFE /* Sources */ = {
			isa = PBXSourcesBuildPhase;
			buildActionMask = 2147483647;
			files = (
				1784F4FE1BDE2F980038FEFE /* ViewController.swift in Sources */,
				1784F4FC1BDE2F980038FEFE /* AppDelegate.swift in Sources */,
			);
			runOnlyForDeploymentPostprocessing = 0;
		};
		1784F5081BDE2F980038FEFE /* Sources */ = {
			isa = PBXSourcesBuildPhase;
			buildActionMask = 2147483647;
			files = (
				1784F5111BDE2F980038FEFE /* FirstApplicationTests.swift in Sources */,
			);
			runOnlyForDeploymentPostprocessing = 0;
		};
		1784F5131BDE2F980038FEFE /* Sources */ = {
			isa = PBXSourcesBuildPhase;
			buildActionMask = 2147483647;
			files = (
				1784F51C1BDE2F980038FEFE /* FirstApplicationUITests.swift in Sources */,
			);
			runOnlyForDeploymentPostprocessing = 0;
		};
/* End PBXSourcesBuildPhase section */

/* Begin PBXTargetDependency section */
		1784F50E1BDE2F980038FEFE /* PBXTargetDependency */ = {
			isa = PBXTargetDependency;
			target = 1784F4F71BDE2F970038FEFE /* FirstApplication */;
			targetProxy = 1784F50D1BDE2F980038FEFE /* PBXContainerItemProxy */;
		};
		1784F5191BDE2F980038FEFE /* PBXTargetDependency */ = {
			isa = PBXTargetDependency;
			target = 1784F4F71BDE2F970038FEFE /* FirstApplication */;
			targetProxy = 1784F5181BDE2F980038FEFE /* PBXContainerItemProxy */;
		};
/* End PBXTargetDependency section */

/* Begin PBXVariantGroup section */
		1784F4FF1BDE2F980038FEFE /* Main.storyboard */ = {
			isa = PBXVariantGroup;
			children = (
				1784F5001BDE2F980038FEFE /* Base */,
			);
			name = Main.storyboard;
			sourceTree = "<group>";
		};
		1784F5041BDE2F980038FEFE /* LaunchScreen.storyboard */ = {
			isa = PBXVariantGroup;
			children = (
				1784F5051BDE2F980038FEFE /* Base */,
			);
			name = LaunchScreen.storyboard;
			sourceTree = "<group>";
		};
/* End PBXVariantGroup section */

/* Begin XCBuildConfiguration section */
		1784F51E1BDE2F980038FEFE /* Debug */ = {
			isa = XCBuildConfiguration;
			buildSettings = {
				ALWAYS_SEARCH_USER_PATHS = NO;
				CLANG_CXX_LANGUAGE_STANDARD = "gnu++0x";
				CLANG_CXX_LIBRARY = "libc++";
				CLANG_ENABLE_MODULES = YES;
				CLANG_ENABLE_OBJC_ARC = YES;
				CLANG_WARN_BOOL_CONVERSION = YES;
				CLANG_WARN_CONSTANT_CONVERSION = YES;
				CLANG_WARN_DIRECT_OBJC_ISA_USAGE = YES_ERROR;
				CLANG_WARN_EMPTY_BODY = YES;
				CLANG_WARN_ENUM_CONVERSION = YES;
				CLANG_WARN_INT_CONVERSION = YES;
				CLANG_WARN_OBJC_ROOT_CLASS = YES_ERROR;
				CLANG_WARN_UNREACHABLE_CODE = YES;
				CLANG_WARN__DUPLICATE_METHOD_MATCH = YES;
				"CODE_SIGN_IDENTITY[sdk=iphoneos*]" = "iPhone Developer";
				COPY_PHASE_STRIP = NO;
				DEBUG_INFORMATION_FORMAT = dwarf;
				ENABLE_STRICT_OBJC_MSGSEND = YES;
				ENABLE_TESTABILITY = YES;
				GCC_C_LANGUAGE_STANDARD = gnu99;
				GCC_DYNAMIC_NO_PIC = NO;
				GCC_NO_COMMON_BLOCKS = YES;
				GCC_OPTIMIZATION_LEVEL = 0;
				GCC_PREPROCESSOR_DEFINITIONS = (
					"DEBUG=1",
					"$(inherited)",
				);
				GCC_WARN_64_TO_32_BIT_CONVERSION = YES;
				GCC_WARN_ABOUT_RETURN_TYPE = YES_ERROR;
				GCC_WARN_UNDECLARED_SELECTOR = YES;
				GCC_WARN_UNINITIALIZED_AUTOS = YES_AGGRESSIVE;
				GCC_WARN_UNUSED_FUNCTION = YES;
				GCC_WARN_UNUSED_VARIABLE = YES;
				IPHONEOS_DEPLOYMENT_TARGET = 9.1;
				MTL_ENABLE_DEBUG_INFO = YES;
				ONLY_ACTIVE_ARCH = YES;
				SDKROOT = iphoneos;
				SWIFT_OPTIMIZATION_LEVEL = "-Onone";
			};
			name = Debug;
		};
		1784F51F1BDE2F980038FEFE /* Release */ = {
			isa = XCBuildConfiguration;
			buildSettings = {
				ALWAYS_SEARCH_USER_PATHS = NO;
				CLANG_CXX_LANGUAGE_STANDARD = "gnu++0x";
				CLANG_CXX_LIBRARY = "libc++";
				CLANG_ENABLE_MODULES = YES;
				CLANG_ENABLE_OBJC_ARC = YES;
				CLANG_WARN_BOOL_CONVERSION = YES;
				CLANG_WARN_CONSTANT_CONVERSION = YES;
				CLANG_WARN_DIRECT_OBJC_ISA_USAGE = YES_ERROR;
				CLANG_WARN_EMPTY_BODY = YES;
				CLANG_WARN_ENUM_CONVERSION = YES;
				CLANG_WARN_INT_CONVERSION = YES;
				CLANG_WARN_OBJC_ROOT_CLASS = YES_ERROR;
				CLANG_WARN_UNREACHABLE_CODE = YES;
				CLANG_WARN__DUPLICATE_METHOD_MATCH = YES;
				"CODE_SIGN_IDENTITY[sdk=iphoneos*]" = "iPhone Developer";
				COPY_PHASE_STRIP = NO;
				DEBUG_INFORMATION_FORMAT = "dwarf-with-dsym";
				ENABLE_NS_ASSERTIONS = NO;
				ENABLE_STRICT_OBJC_MSGSEND = YES;
				GCC_C_LANGUAGE_STANDARD = gnu99;
				GCC_NO_COMMON_BLOCKS = YES;
				GCC_WARN_64_TO_32_BIT_CONVERSION = YES;
				GCC_WARN_ABOUT_RETURN_TYPE = YES_ERROR;
				GCC_WARN_UNDECLARED_SELECTOR = YES;
				GCC_WARN_UNINITIALIZED_AUTOS = YES_AGGRESSIVE;
				GCC_WARN_UNUSED_FUNCTION = YES;
				GCC_WARN_UNUSED_VARIABLE = YES;
				IPHONEOS_DEPLOYMENT_TARGET = 9.1;
				MTL_ENABLE_DEBUG_INFO = NO;
				SDKROOT = iphoneos;
				VALIDATE_PRODUCT = YES;
			};
			name = Release;
		};
		1784F5211BDE2F980038FEFE /* Debug */ = {
			isa = XCBuildConfiguration;
			buildSettings = {
				ASSETCATALOG_COMPILER_APPICON_NAME = AppIcon;
				INFOPLIST_FILE = FirstApplication/Info.plist;
				LD_RUNPATH_SEARCH_PATHS = "$(inherited) @executable_path/Frameworks";
				PRODUCT_BUNDLE_IDENTIFIER = com.quangtv..FirstApplication;
				PRODUCT_NAME = "$(TARGET_NAME)";
			};
			name = Debug;
		};
		1784F5221BDE2F980038FEFE /* Release */ = {
			isa = XCBuildConfiguration;
			buildSettings = {
				ASSETCATALOG_COMPILER_APPICON_NAME = AppIcon;
				INFOPLIST_FILE = FirstApplication/Info.plist;
				LD_RUNPATH_SEARCH_PATHS = "$(inherited) @executable_path/Frameworks";
				PRODUCT_BUNDLE_IDENTIFIER = com.quangtv..FirstApplication;
				PRODUCT_NAME = "$(TARGET_NAME)";
			};
			name = Release;
		};
		1784F5241BDE2F980038FEFE /* Debug */ = {
			isa = XCBuildConfiguration;
			buildSettings = {
				BUNDLE_LOADER = "$(TEST_HOST)";
				INFOPLIST_FILE = FirstApplicationTests/Info.plist;
				LD_RUNPATH_SEARCH_PATHS = "$(inherited) @executable_path/Frameworks @loader_path/Frameworks";
				PRODUCT_BUNDLE_IDENTIFIER = com.quangtv..FirstApplicationTests;
				PRODUCT_NAME = "$(TARGET_NAME)";
				TEST_HOST = "$(BUILT_PRODUCTS_DIR)/FirstApplication.app/FirstApplication";
			};
			name = Debug;
		};
		1784F5251BDE2F980038FEFE /* Release */ = {
			isa = XCBuildConfiguration;
			buildSettings = {
				BUNDLE_LOADER = "$(TEST_HOST)";
				INFOPLIST_FILE = FirstApplicationTests/Info.plist;
				LD_RUNPATH_SEARCH_PATHS = "$(inherited) @executable_path/Frameworks @loader_path/Frameworks";
				PRODUCT_BUNDLE_IDENTIFIER = com.quangtv..FirstApplicationTests;
				PRODUCT_NAME = "$(TARGET_NAME)";
				TEST_HOST = "$(BUILT_PRODUCTS_DIR)/FirstApplication.app/FirstApplication";
			};
			name = Release;
		};
		1784F5271BDE2F980038FEFE /* Debug */ = {
			isa = XCBuildConfiguration;
			buildSettings = {
				INFOPLIST_FILE = FirstApplicationUITests/Info.plist;
				LD_RUNPATH_SEARCH_PATHS = "$(inherited) @executable_path/Frameworks @loader_path/Frameworks";
				PRODUCT_BUNDLE_IDENTIFIER = com.quangtv..FirstApplicationUITests;
				PRODUCT_NAME = "$(TARGET_NAME)";
				TEST_TARGET_NAME = FirstApplication;
				USES_XCTRUNNER = YES;
			};
			name = Debug;
		};
		1784F5281BDE2F980038FEFE /* Release */ = {
			isa = XCBuildConfiguration;
			buildSettings = {
				INFOPLIST_FILE = FirstApplicationUITests/Info.plist;
				LD_RUNPATH_SEARCH_PATHS = "$(inherited) @executable_path/Frameworks @loader_path/Frameworks";
				PRODUCT_BUNDLE_IDENTIFIER = com.quangtv..FirstApplicationUITests;
				PRODUCT_NAME = "$(TARGET_NAME)";
				TEST_TARGET_NAME = FirstApplication;
				USES_XCTRUNNER = YES;
			};
			name = Release;
		};
/* End XCBuildConfiguration section */

/* Begin XCConfigurationList section */
		1784F4F31BDE2F970038FEFE /* Build configuration list for PBXProject "FirstApplication" */ = {
			isa = XCConfigurationList;
			buildConfigurations = (
				1784F51E1BDE2F980038FEFE /* Debug */,
				1784F51F1BDE2F980038FEFE /* Release */,
			);
			defaultConfigurationIsVisible = 0;
			defaultConfigurationName = Release;
		};
		1784F5201BDE2F980038FEFE /* Build configuration list for PBXNativeTarget "FirstApplication" */ = {
			isa = XCConfigurationList;
			buildConfigurations = (
				1784F5211BDE2F980038FEFE /* Debug */,
				1784F5221BDE2F980038FEFE /* Release */,
			);
			defaultConfigurationIsVisible = 0;
		};
		1784F5231BDE2F980038FEFE /* Build configuration list for PBXNativeTarget "FirstApplicationTests" */ = {
			isa = XCConfigurationList;
			buildConfigurations = (
				1784F5241BDE2F980038FEFE /* Debug */,
				1784F5251BDE2F980038FEFE /* Release */,
			);
			defaultConfigurationIsVisible = 0;
		};
		1784F5261BDE2F980038FEFE /* Build configuration list for PBXNativeTarget "FirstApplicationUITests" */ = {
			isa = XCConfigurationList;
			buildConfigurations = (
				1784F5271BDE2F980038FEFE /* Debug */,
				1784F5281BDE2F980038FEFE /* Release */,
			);
			defaultConfigurationIsVisible = 0;
		};
/* End XCConfigurationList section */
	};
	rootObject = 1784F4F01BDE2F970038FEFE /* Project object */;
}
